
Microsoft Visual Studio Solution File, Format Version 12.00
# Visual Studio Version 17
VisualStudioVersion = 17.5.002.0
MinimumVisualStudioVersion = 10.0.40219.1
Project("{9A19103F-16F7-4668-BE54-9A1E7A4F7556}") = "cpsc-2650-tech-eval", "cpsc-2650-tech-eval.csproj", "{2958C783-4522-4DDB-8BF0-2DF9EE547D90}"
EndProject
Global
	GlobalSection(SolutionConfigurationPlatforms) = preSolution
		Debug|Any CPU = Debug|Any CPU
		Release|Any CPU = Release|Any CPU
	EndGlobalSection
	GlobalSection(ProjectConfigurationPlatforms) = postSolution
		{2958C783-4522-4DDB-8BF0-2DF9EE547D90}.Debug|Any CPU.ActiveCfg = Debug|Any CPU
		{2958C783-4522-4DDB-8BF0-2DF9EE547D90}.Debug|Any CPU.Build.0 = Debug|Any CPU
		{2958C783-4522-4DDB-8BF0-2DF9EE547D90}.Release|Any CPU.ActiveCfg = Release|Any CPU
		{2958C783-4522-4DDB-8BF0-2DF9EE547D90}.Release|Any CPU.Build.0 = Release|Any CPU
	EndGlobalSection
	GlobalSection(SolutionProperties) = preSolution
		HideSolutionNode = FALSE
	EndGlobalSection
	GlobalSection(ExtensibilityGlobals) = postSolution
		SolutionGuid = {6D9B0174-9A89-4C6C-BC5E-6A5411A43410}
	EndGlobalSection
EndGlobal
